
Microsoft Visual Studio Solution File, Format Version 12.00
# Visual Studio Version 16
VisualStudioVersion = 16.0.31205.134
MinimumVisualStudioVersion = 10.0.40219.1
Project("{FAE04EC0-301F-11D3-BF4B-00C04F79EFBC}") = "TowerApp", "TowerApp\TowerApp.csproj", "{CDD220A9-E249-461B-A78C-A237EF44C6EA}"
EndProject
Global
	GlobalSection(SolutionConfigurationPlatforms) = preSolution
		Debug|Any CPU = Debug|Any CPU
		Release|Any CPU = Release|Any CPU
	EndGlobalSection
	GlobalSection(ProjectConfigurationPlatforms) = postSolution
		{CDD220A9-E249-461B-A78C-A237EF44C6EA}.Debug|Any CPU.ActiveCfg = Debug|Any CPU
		{CDD220A9-E249-461B-A78C-A237EF44C6EA}.Debug|Any CPU.Build.0 = Debug|Any CPU
		{CDD220A9-E249-461B-A78C-A237EF44C6EA}.Release|Any CPU.ActiveCfg = Release|Any CPU
		{CDD220A9-E249-461B-A78C-A237EF44C6EA}.Release|Any CPU.Build.0 = Release|Any CPU
	EndGlobalSection
	GlobalSection(SolutionProperties) = preSolution
		HideSolutionNode = FALSE
	EndGlobalSection
	GlobalSection(ExtensibilityGlobals) = postSolution
		SolutionGuid = {B6D14F51-C73C-4567-AA16-6DD6C99DE0EF}
	EndGlobalSection
EndGlobal
